
Microsoft Visual Studio Solution File, Format Version 12.00
# Visual Studio Version 16
VisualStudioVersion = 16.0.32002.261
MinimumVisualStudioVersion = 10.0.40219.1
Project("{FAE04EC0-301F-11D3-BF4B-00C04F79EFBC}") = "EXERCICIOS TPA", "EXERCICIOS TPA.csproj", "{478441F6-439C-4CC4-BFAF-58C2F224BBD2}"
EndProject
Global
	GlobalSection(SolutionConfigurationPlatforms) = preSolution
		Debug|Any CPU = Debug|Any CPU
		Release|Any CPU = Release|Any CPU
	EndGlobalSection
	GlobalSection(ProjectConfigurationPlatforms) = postSolution
		{478441F6-439C-4CC4-BFAF-58C2F224BBD2}.Debug|Any CPU.ActiveCfg = Debug|Any CPU
		{478441F6-439C-4CC4-BFAF-58C2F224BBD2}.Debug|Any CPU.Build.0 = Debug|Any CPU
		{478441F6-439C-4CC4-BFAF-58C2F224BBD2}.Release|Any CPU.ActiveCfg = Release|Any CPU
		{478441F6-439C-4CC4-BFAF-58C2F224BBD2}.Release|Any CPU.Build.0 = Release|Any CPU
	EndGlobalSection
	GlobalSection(SolutionProperties) = preSolution
		HideSolutionNode = FALSE
	EndGlobalSection
	GlobalSection(ExtensibilityGlobals) = postSolution
		SolutionGuid = {A0F11A65-01B8-406B-BC86-D2367832F747}
	EndGlobalSection
EndGlobal
